<?xml version="1.0" encoding="utf-8"?>
<Project ToolsVersion="4.0" xmlns="http://schemas.microsoft.com/developer/msbuild/2003">
  <ItemGroup>
    <Filter Include="Source Files">
      <UniqueIdentifier>{4FC737F1-C7A5-4376-A066-2A32D752A2FF}</UniqueIdentifier>
      <Extensions>cpp;c;cc;cxx;def;odl;idl;hpj;bat;asm;asmx</Extensions>
    </Filter>
    <Filter Include="Header Files">
      <UniqueIdentifier>{93995380-89BD-4b04-88EB-625FBE52EBFB}</UniqueIdentifier>
      <Extensions>h;hh;hpp;hxx;hm;inl;inc;ipp;xsd</Extensions>
    </Filter>
    <Filter Include="Resource Files">
      <UniqueIdentifier>{67DA6AB6-F800-4c08-8B7A-83BB121AAD01}</UniqueIdentifier>
      <Extensions>rc;ico;cur;bmp;dlg;rc2;rct;bin;rgs;gif;jpg;jpeg;jpe;resx;tiff;tif;png;wav;mfcribbon-ms</Extensions>
    </Filter>
  </ItemGroup>
  <ItemGroup>
    <ClInclude Include="stdafx.h">
      <Filter>Header Files</Filter>
    </ClInclude>
    <ClInclude Include="targetver.h">
      <Filter>Header Files</Filter>
    </ClInclude>
    <ClInclude Include="CommandSourceTest.h">
      <Filter>Header Files</Filter>
    </ClInclude>
    <ClInclude Include="Assert.h">
      <Filter>Source Files</Filter>
    </ClInclude>
    <ClInclude Include="TimebaseTest.h">
      <Filter>Header Files</Filter>
    </ClInclude>
    <ClInclude Include="LedManagerTest.h">
      <Filter>Header Files</Filter>
    </ClInclude>
    <ClInclude Include="IntegrationTest.h">
      <Filter>Header Files</Filter>
    </ClInclude>
    <ClInclude Include="Serial.h">
      <Filter>Header Files</Filter>
    </ClInclude>
    <ClInclude Include="CommandSourceSimulatorTest.h">
      <Filter>Header Files</Filter>
    </ClInclude>
    <ClInclude Include="ExecutionFlowTest.h">
      <Filter>Header Files</Filter>
    </ClInclude>
    <ClInclude Include="CommandSourceSimulator.h">
      <Filter>Header Files</Filter>
    </ClInclude>
    <ClInclude Include="StackTest.h">
      <Filter>Header Files</Filter>
    </ClInclude>
    <ClInclude Include="CommandTest.h">
      <Filter>Header Files</Filter>
    </ClInclude>
    <ClInclude Include="CommandFormatterTest.h">
      <Filter>Header Files</Filter>
    </ClInclude>
    <ClInclude Include="MyRandom.h">
      <Filter>Header Files</Filter>
    </ClInclude>
    <ClInclude Include="ParseErrorsTest.h">
      <Filter>Header Files</Filter>
    </ClInclude>
    <ClInclude Include="SupervisorTest.h">
      <Filter>Header Files</Filter>
    </ClInclude>
    <ClInclude Include="Settings.h">
      <Filter>Source Files</Filter>
    </ClInclude>
    <ClInclude Include="FunctionStoreTest.h">
      <Filter>Header Files</Filter>
    </ClInclude>
    <ClInclude Include="DelayerTest.h">
      <Filter>Header Files</Filter>
    </ClInclude>
    <ClInclude Include="Profiler.h">
      <Filter>Header Files</Filter>
    </ClInclude>
    <ClInclude Include="TimeServices.h">
      <Filter>Header Files</Filter>
    </ClInclude>
    <ClInclude Include="RDEvaluaterTest.h">
      <Filter>Header Files</Filter>
    </ClInclude>
    <ClInclude Include="ExpressionTokenSourceTest.h">
      <Filter>Header Files</Filter>
    </ClInclude>
    <ClInclude Include="StackWatcherOld.h">
      <Filter>Header Files</Filter>
    </ClInclude>
    <ClInclude Include="SafeStringTest.h">
      <Filter>Header Files</Filter>
    </ClInclude>
    <ClInclude Include="ExecutionContextTest.h">
      <Filter>Header Files</Filter>
    </ClInclude>
    <ClInclude Include="VariableStoreTest.h">
      <Filter>Header Files</Filter>
    </ClInclude>
    <ClInclude Include="VariableTest.h">
      <Filter>Header Files</Filter>
    </ClInclude>
    <ClInclude Include="VariableCollectionTest.h">
      <Filter>Header Files</Filter>
    </ClInclude>
    <ClInclude Include="VariableStoreChunkTest.h">
      <Filter>Header Files</Filter>
    </ClInclude>
    <ClInclude Include="..\SequenceController\src\RDEvaluater.h">
      <Filter>Header Files</Filter>
    </ClInclude>
    <ClInclude Include="LedGroupsTest.h">
      <Filter>Header Files</Filter>
    </ClInclude>
    <ClInclude Include="BuiltInFunctionsTest.h">
      <Filter>Header Files</Filter>
    </ClInclude>
  </ItemGroup>
  <ItemGroup>
    <ClCompile Include="stdafx.cpp">
      <Filter>Source Files</Filter>
    </ClCompile>
    <ClCompile Include="SequenceControllerTest.cpp">
      <Filter>Source Files</Filter>
    </ClCompile>
  </ItemGroup>
  <ItemGroup>
    <Text Include="SampleCode\HueTest.txt" />
    <Text Include="SampleCode\Larson.txt" />
    <Text Include="SampleCode\Merlin.txt" />
    <Text Include="SampleCode\HackOLantern.txt" />
    <Text Include="SampleCode\BreatheAndFlash.txt" />
  </ItemGroup>
</Project>